
Microsoft Visual Studio Solution File, Format Version 12.00
# Visual Studio Version 16
VisualStudioVersion = 16.0.29709.97
MinimumVisualStudioVersion = 10.0.40219.1
Project("{FAE04EC0-301F-11D3-BF4B-00C04F79EFBC}") = "ClassesParametros", "ClassesParametros\ClassesParametros.csproj", "{012F6A27-8FD7-41BB-A7F9-C764DC396A20}"
EndProject
Global
	GlobalSection(SolutionConfigurationPlatforms) = preSolution
		Debug|Any CPU = Debug|Any CPU
		Release|Any CPU = Release|Any CPU
	EndGlobalSection
	GlobalSection(ProjectConfigurationPlatforms) = postSolution
		{012F6A27-8FD7-41BB-A7F9-C764DC396A20}.Debug|Any CPU.ActiveCfg = Debug|Any CPU
		{012F6A27-8FD7-41BB-A7F9-C764DC396A20}.Debug|Any CPU.Build.0 = Debug|Any CPU
		{012F6A27-8FD7-41BB-A7F9-C764DC396A20}.Release|Any CPU.ActiveCfg = Release|Any CPU
		{012F6A27-8FD7-41BB-A7F9-C764DC396A20}.Release|Any CPU.Build.0 = Release|Any CPU
	EndGlobalSection
	GlobalSection(SolutionProperties) = preSolution
		HideSolutionNode = FALSE
	EndGlobalSection
	GlobalSection(ExtensibilityGlobals) = postSolution
		SolutionGuid = {50190E46-BA8C-481D-ACFB-3DCDBA8DC0E4}
	EndGlobalSection
EndGlobal
