
Microsoft Visual Studio Solution File, Format Version 12.00
# Visual Studio Version 16
VisualStudioVersion = 16.0.29709.97
MinimumVisualStudioVersion = 10.0.40219.1
Project("{FAE04EC0-301F-11D3-BF4B-00C04F79EFBC}") = "Biblioteca", "Biblioteca\Biblioteca.csproj", "{DF1F06D6-FFE3-453A-A494-B7F755A47320}"
EndProject
Global
	GlobalSection(SolutionConfigurationPlatforms) = preSolution
		Debug|Any CPU = Debug|Any CPU
		Release|Any CPU = Release|Any CPU
	EndGlobalSection
	GlobalSection(ProjectConfigurationPlatforms) = postSolution
		{DF1F06D6-FFE3-453A-A494-B7F755A47320}.Debug|Any CPU.ActiveCfg = Debug|Any CPU
		{DF1F06D6-FFE3-453A-A494-B7F755A47320}.Debug|Any CPU.Build.0 = Debug|Any CPU
		{DF1F06D6-FFE3-453A-A494-B7F755A47320}.Release|Any CPU.ActiveCfg = Release|Any CPU
		{DF1F06D6-FFE3-453A-A494-B7F755A47320}.Release|Any CPU.Build.0 = Release|Any CPU
	EndGlobalSection
	GlobalSection(SolutionProperties) = preSolution
		HideSolutionNode = FALSE
	EndGlobalSection
	GlobalSection(ExtensibilityGlobals) = postSolution
		SolutionGuid = {CA684832-764A-497E-9E78-9939483EDC41}
	EndGlobalSection
EndGlobal
