
Microsoft Visual Studio Solution File, Format Version 12.00
# Visual Studio Version 16
VisualStudioVersion = 16.0.29709.97
MinimumVisualStudioVersion = 10.0.40219.1
Project("{FAE04EC0-301F-11D3-BF4B-00C04F79EFBC}") = "Ciclos", "Ciclos\Ciclos.csproj", "{1AD560F8-0AB7-43B3-9639-D435DAC7930A}"
EndProject
Global
	GlobalSection(SolutionConfigurationPlatforms) = preSolution
		Debug|Any CPU = Debug|Any CPU
		Release|Any CPU = Release|Any CPU
	EndGlobalSection
	GlobalSection(ProjectConfigurationPlatforms) = postSolution
		{1AD560F8-0AB7-43B3-9639-D435DAC7930A}.Debug|Any CPU.ActiveCfg = Debug|Any CPU
		{1AD560F8-0AB7-43B3-9639-D435DAC7930A}.Debug|Any CPU.Build.0 = Debug|Any CPU
		{1AD560F8-0AB7-43B3-9639-D435DAC7930A}.Release|Any CPU.ActiveCfg = Release|Any CPU
		{1AD560F8-0AB7-43B3-9639-D435DAC7930A}.Release|Any CPU.Build.0 = Release|Any CPU
	EndGlobalSection
	GlobalSection(SolutionProperties) = preSolution
		HideSolutionNode = FALSE
	EndGlobalSection
	GlobalSection(ExtensibilityGlobals) = postSolution
		SolutionGuid = {1375EFAE-B265-4198-83A0-61B1FE42DDEC}
	EndGlobalSection
EndGlobal
