
Microsoft Visual Studio Solution File, Format Version 12.00
# Visual Studio Version 16
VisualStudioVersion = 16.0.29519.181
MinimumVisualStudioVersion = 10.0.40219.1
Project("{FAE04EC0-301F-11D3-BF4B-00C04F79EFBC}") = "GestorBD", "GestorBD\GestorBD.csproj", "{F26D2EBC-BFE0-44D2-909C-79A9110358CA}"
EndProject
Global
	GlobalSection(SolutionConfigurationPlatforms) = preSolution
		Debug|Any CPU = Debug|Any CPU
		Release|Any CPU = Release|Any CPU
	EndGlobalSection
	GlobalSection(ProjectConfigurationPlatforms) = postSolution
		{F26D2EBC-BFE0-44D2-909C-79A9110358CA}.Debug|Any CPU.ActiveCfg = Debug|Any CPU
		{F26D2EBC-BFE0-44D2-909C-79A9110358CA}.Debug|Any CPU.Build.0 = Debug|Any CPU
		{F26D2EBC-BFE0-44D2-909C-79A9110358CA}.Release|Any CPU.ActiveCfg = Release|Any CPU
		{F26D2EBC-BFE0-44D2-909C-79A9110358CA}.Release|Any CPU.Build.0 = Release|Any CPU
	EndGlobalSection
	GlobalSection(SolutionProperties) = preSolution
		HideSolutionNode = FALSE
	EndGlobalSection
	GlobalSection(ExtensibilityGlobals) = postSolution
		SolutionGuid = {1E12CB12-EE19-47BA-8492-44C5F28CA993}
	EndGlobalSection
EndGlobal
