
Microsoft Visual Studio Solution File, Format Version 12.00
# Visual Studio Version 16
VisualStudioVersion = 16.0.29709.97
MinimumVisualStudioVersion = 10.0.40219.1
Project("{FAE04EC0-301F-11D3-BF4B-00C04F79EFBC}") = "Heranca", "herança\Heranca.csproj", "{6A6B84D0-25E3-4AAC-B836-8C346F8BB595}"
EndProject
Global
	GlobalSection(SolutionConfigurationPlatforms) = preSolution
		Debug|Any CPU = Debug|Any CPU
		Release|Any CPU = Release|Any CPU
	EndGlobalSection
	GlobalSection(ProjectConfigurationPlatforms) = postSolution
		{6A6B84D0-25E3-4AAC-B836-8C346F8BB595}.Debug|Any CPU.ActiveCfg = Debug|Any CPU
		{6A6B84D0-25E3-4AAC-B836-8C346F8BB595}.Debug|Any CPU.Build.0 = Debug|Any CPU
		{6A6B84D0-25E3-4AAC-B836-8C346F8BB595}.Release|Any CPU.ActiveCfg = Release|Any CPU
		{6A6B84D0-25E3-4AAC-B836-8C346F8BB595}.Release|Any CPU.Build.0 = Release|Any CPU
	EndGlobalSection
	GlobalSection(SolutionProperties) = preSolution
		HideSolutionNode = FALSE
	EndGlobalSection
	GlobalSection(ExtensibilityGlobals) = postSolution
		SolutionGuid = {EEE132B5-1ED0-40EF-846E-CF06F7B41ADE}
	EndGlobalSection
EndGlobal
