
Microsoft Visual Studio Solution File, Format Version 12.00
# Visual Studio Version 16
VisualStudioVersion = 16.0.29519.181
MinimumVisualStudioVersion = 10.0.40219.1
Project("{FAE04EC0-301F-11D3-BF4B-00C04F79EFBC}") = "CaixaDialogo", "CaixaDialogo\CaixaDialogo.csproj", "{DB45375A-FA29-460D-8095-79509E97A20F}"
EndProject
Global
	GlobalSection(SolutionConfigurationPlatforms) = preSolution
		Debug|Any CPU = Debug|Any CPU
		Release|Any CPU = Release|Any CPU
	EndGlobalSection
	GlobalSection(ProjectConfigurationPlatforms) = postSolution
		{DB45375A-FA29-460D-8095-79509E97A20F}.Debug|Any CPU.ActiveCfg = Debug|Any CPU
		{DB45375A-FA29-460D-8095-79509E97A20F}.Debug|Any CPU.Build.0 = Debug|Any CPU
		{DB45375A-FA29-460D-8095-79509E97A20F}.Release|Any CPU.ActiveCfg = Release|Any CPU
		{DB45375A-FA29-460D-8095-79509E97A20F}.Release|Any CPU.Build.0 = Release|Any CPU
	EndGlobalSection
	GlobalSection(SolutionProperties) = preSolution
		HideSolutionNode = FALSE
	EndGlobalSection
	GlobalSection(ExtensibilityGlobals) = postSolution
		SolutionGuid = {A73F6AA2-91A1-4CD5-A3F9-D6C6A6E78264}
	EndGlobalSection
EndGlobal
