
Microsoft Visual Studio Solution File, Format Version 12.00
# Visual Studio Version 16
VisualStudioVersion = 16.0.29519.181
MinimumVisualStudioVersion = 10.0.40219.1
Project("{FAE04EC0-301F-11D3-BF4B-00C04F79EFBC}") = "OOPComStrings", "OOPComStrings\OOPComStrings.csproj", "{E5291281-D594-4BD8-AC9A-1B957B8B5C09}"
EndProject
Global
	GlobalSection(SolutionConfigurationPlatforms) = preSolution
		Debug|Any CPU = Debug|Any CPU
		Release|Any CPU = Release|Any CPU
	EndGlobalSection
	GlobalSection(ProjectConfigurationPlatforms) = postSolution
		{E5291281-D594-4BD8-AC9A-1B957B8B5C09}.Debug|Any CPU.ActiveCfg = Debug|Any CPU
		{E5291281-D594-4BD8-AC9A-1B957B8B5C09}.Debug|Any CPU.Build.0 = Debug|Any CPU
		{E5291281-D594-4BD8-AC9A-1B957B8B5C09}.Release|Any CPU.ActiveCfg = Release|Any CPU
		{E5291281-D594-4BD8-AC9A-1B957B8B5C09}.Release|Any CPU.Build.0 = Release|Any CPU
	EndGlobalSection
	GlobalSection(SolutionProperties) = preSolution
		HideSolutionNode = FALSE
	EndGlobalSection
	GlobalSection(ExtensibilityGlobals) = postSolution
		SolutionGuid = {C42CCEE6-8F18-412A-8028-467FD64D9D9C}
	EndGlobalSection
EndGlobal
