
Microsoft Visual Studio Solution File, Format Version 12.00
# Visual Studio Version 16
VisualStudioVersion = 16.0.31205.134
MinimumVisualStudioVersion = 10.0.40219.1
Project("{FAE04EC0-301F-11D3-BF4B-00C04F79EFBC}") = "EviarEmail", "EviarEmail\EviarEmail.csproj", "{36DA5F1A-2878-4DA1-A8B5-C7213D32F1CB}"
EndProject
Global
	GlobalSection(SolutionConfigurationPlatforms) = preSolution
		Debug|Any CPU = Debug|Any CPU
		Release|Any CPU = Release|Any CPU
	EndGlobalSection
	GlobalSection(ProjectConfigurationPlatforms) = postSolution
		{36DA5F1A-2878-4DA1-A8B5-C7213D32F1CB}.Debug|Any CPU.ActiveCfg = Debug|Any CPU
		{36DA5F1A-2878-4DA1-A8B5-C7213D32F1CB}.Debug|Any CPU.Build.0 = Debug|Any CPU
		{36DA5F1A-2878-4DA1-A8B5-C7213D32F1CB}.Release|Any CPU.ActiveCfg = Release|Any CPU
		{36DA5F1A-2878-4DA1-A8B5-C7213D32F1CB}.Release|Any CPU.Build.0 = Release|Any CPU
	EndGlobalSection
	GlobalSection(SolutionProperties) = preSolution
		HideSolutionNode = FALSE
	EndGlobalSection
	GlobalSection(ExtensibilityGlobals) = postSolution
		SolutionGuid = {26827481-1962-4AAD-9B99-D6BD3CF2421C}
	EndGlobalSection
EndGlobal
